
Microsoft Visual Studio Solution File, Format Version 12.00
# Visual Studio Version 16
VisualStudioVersion = 16.0.30114.105
MinimumVisualStudioVersion = 10.0.40219.1
Project("{FAE04EC0-301F-11D3-BF4B-00C04F79EFBC}") = "SnakeApplication", "SnakeApplication\SnakeApplication.csproj", "{FD20741B-6626-472A-8AFA-5A062AF19853}"
EndProject
Global
	GlobalSection(SolutionConfigurationPlatforms) = preSolution
		Debug|Any CPU = Debug|Any CPU
		Release|Any CPU = Release|Any CPU
	EndGlobalSection
	GlobalSection(ProjectConfigurationPlatforms) = postSolution
		{FD20741B-6626-472A-8AFA-5A062AF19853}.Debug|Any CPU.ActiveCfg = Debug|Any CPU
		{FD20741B-6626-472A-8AFA-5A062AF19853}.Debug|Any CPU.Build.0 = Debug|Any CPU
		{FD20741B-6626-472A-8AFA-5A062AF19853}.Release|Any CPU.ActiveCfg = Release|Any CPU
		{FD20741B-6626-472A-8AFA-5A062AF19853}.Release|Any CPU.Build.0 = Release|Any CPU
	EndGlobalSection
	GlobalSection(SolutionProperties) = preSolution
		HideSolutionNode = FALSE
	EndGlobalSection
	GlobalSection(ExtensibilityGlobals) = postSolution
		SolutionGuid = {1F61782B-C2DB-4A4B-9D5E-51937398FD0D}
	EndGlobalSection
EndGlobal
